// !$*UTF8*$!
{
	archiveVersion = 1;
	classes = {
	};
	objectVersion = 56;
	objects = {

/* Begin PBXBuildFile section */
		EC40BC4B2A716F29002F5E6B /* PlatppTests.swift in Sources */ = {isa = PBXBuildFile; fileRef = EC40BC4A2A716F29002F5E6B /* PlatppTests.swift */; };
		EC40BC552A716F29002F5E6B /* PlatppUITests.swift in Sources */ = {isa = PBXBuildFile; fileRef = EC40BC542A716F29002F5E6B /* PlatppUITests.swift */; };
		EC40BC572A716F29002F5E6B /* PlatppUITestsLaunchTests.swift in Sources */ = {isa = PBXBuildFile; fileRef = EC40BC562A716F29002F5E6B /* PlatppUITestsLaunchTests.swift */; };
		ECB55DC22A71727F009D80EA /* Assets.xcassets in Resources */ = {isa = PBXBuildFile; fileRef = ECB55DBC2A71727F009D80EA /* Assets.xcassets */; };
		ECB55DC32A71727F009D80EA /* Preview Assets.xcassets in Resources */ = {isa = PBXBuildFile; fileRef = ECB55DBE2A71727F009D80EA /* Preview Assets.xcassets */; };
		ECB55DC62A717C3D009D80EA /* Realm in Frameworks */ = {isa = PBXBuildFile; productRef = ECB55DC52A717C3D009D80EA /* Realm */; };
		ECB55DC82A717C3D009D80EA /* RealmSwift in Frameworks */ = {isa = PBXBuildFile; productRef = ECB55DC72A717C3D009D80EA /* RealmSwift */; };
		ECB55DCA2A71D04A009D80EA /* VideoModel.swift in Sources */ = {isa = PBXBuildFile; fileRef = ECB55DC92A71D04A009D80EA /* VideoModel.swift */; };
		ECB55DCC2A71D094009D80EA /* VideosViewModel.swift in Sources */ = {isa = PBXBuildFile; fileRef = ECB55DCB2A71D094009D80EA /* VideosViewModel.swift */; };
		ECB55DCE2A71D0C0009D80EA /* VideoRepository.swift in Sources */ = {isa = PBXBuildFile; fileRef = ECB55DCD2A71D0C0009D80EA /* VideoRepository.swift */; };
		ECB55DD02A71D0FF009D80EA /* VideosListView.swift in Sources */ = {isa = PBXBuildFile; fileRef = ECB55DCF2A71D0FF009D80EA /* VideosListView.swift */; };
		ECB55DD22A71D154009D80EA /* VideoDetailView.swift in Sources */ = {isa = PBXBuildFile; fileRef = ECB55DD12A71D154009D80EA /* VideoDetailView.swift */; };
		ECB55DD42A71D1AB009D80EA /* ConnectivityMonitor.swift in Sources */ = {isa = PBXBuildFile; fileRef = ECB55DD32A71D1AB009D80EA /* ConnectivityMonitor.swift */; };
		ECB55DD62A71D272009D80EA /* SceneDelegate.swift in Sources */ = {isa = PBXBuildFile; fileRef = ECB55DD52A71D272009D80EA /* SceneDelegate.swift */; };
		ECB55DD82A71D334009D80EA /* AppDelegate.swift in Sources */ = {isa = PBXBuildFile; fileRef = ECB55DD72A71D334009D80EA /* AppDelegate.swift */; };
/* End PBXBuildFile section */

/* Begin PBXContainerItemProxy section */
		EC40BC472A716F29002F5E6B /* PBXContainerItemProxy */ = {
			isa = PBXContainerItemProxy;
			containerPortal = EC40BC2D2A716F28002F5E6B /* Project object */;
			proxyType = 1;
			remoteGlobalIDString = EC40BC342A716F28002F5E6B;
			remoteInfo = Platpp;
		};
		EC40BC512A716F29002F5E6B /* PBXContainerItemProxy */ = {
			isa = PBXContainerItemProxy;
			containerPortal = EC40BC2D2A716F28002F5E6B /* Project object */;
			proxyType = 1;
			remoteGlobalIDString = EC40BC342A716F28002F5E6B;
			remoteInfo = Platpp;
		};
/* End PBXContainerItemProxy section */

/* Begin PBXFileReference section */
		EC40BC352A716F28002F5E6B /* Platpp.app */ = {isa = PBXFileReference; explicitFileType = wrapper.application; includeInIndex = 0; path = Platpp.app; sourceTree = BUILT_PRODUCTS_DIR; };
		EC40BC462A716F29002F5E6B /* PlatppTests.xctest */ = {isa = PBXFileReference; explicitFileType = wrapper.cfbundle; includeInIndex = 0; path = PlatppTests.xctest; sourceTree = BUILT_PRODUCTS_DIR; };
		EC40BC4A2A716F29002F5E6B /* PlatppTests.swift */ = {isa = PBXFileReference; lastKnownFileType = sourcecode.swift; path = PlatppTests.swift; sourceTree = "<group>"; };
		EC40BC502A716F29002F5E6B /* PlatppUITests.xctest */ = {isa = PBXFileReference; explicitFileType = wrapper.cfbundle; includeInIndex = 0; path = PlatppUITests.xctest; sourceTree = BUILT_PRODUCTS_DIR; };
		EC40BC542A716F29002F5E6B /* PlatppUITests.swift */ = {isa = PBXFileReference; lastKnownFileType = sourcecode.swift; path = PlatppUITests.swift; sourceTree = "<group>"; };
		EC40BC562A716F29002F5E6B /* PlatppUITestsLaunchTests.swift */ = {isa = PBXFileReference; lastKnownFileType = sourcecode.swift; path = PlatppUITestsLaunchTests.swift; sourceTree = "<group>"; };
		ECB55DBC2A71727F009D80EA /* Assets.xcassets */ = {isa = PBXFileReference; lastKnownFileType = folder.assetcatalog; path = Assets.xcassets; sourceTree = "<group>"; };
		ECB55DBE2A71727F009D80EA /* Preview Assets.xcassets */ = {isa = PBXFileReference; lastKnownFileType = folder.assetcatalog; path = "Preview Assets.xcassets"; sourceTree = "<group>"; };
		ECB55DBF2A71727F009D80EA /* Platpp.entitlements */ = {isa = PBXFileReference; fileEncoding = 4; lastKnownFileType = text.plist.entitlements; path = Platpp.entitlements; sourceTree = "<group>"; };
		ECB55DC92A71D04A009D80EA /* VideoModel.swift */ = {isa = PBXFileReference; lastKnownFileType = sourcecode.swift; path = VideoModel.swift; sourceTree = "<group>"; };
		ECB55DCB2A71D094009D80EA /* VideosViewModel.swift */ = {isa = PBXFileReference; lastKnownFileType = sourcecode.swift; path = VideosViewModel.swift; sourceTree = "<group>"; };
		ECB55DCD2A71D0C0009D80EA /* VideoRepository.swift */ = {isa = PBXFileReference; lastKnownFileType = sourcecode.swift; path = VideoRepository.swift; sourceTree = "<group>"; };
		ECB55DCF2A71D0FF009D80EA /* VideosListView.swift */ = {isa = PBXFileReference; lastKnownFileType = sourcecode.swift; path = VideosListView.swift; sourceTree = "<group>"; };
		ECB55DD12A71D154009D80EA /* VideoDetailView.swift */ = {isa = PBXFileReference; lastKnownFileType = sourcecode.swift; path = VideoDetailView.swift; sourceTree = "<group>"; };
		ECB55DD32A71D1AB009D80EA /* ConnectivityMonitor.swift */ = {isa = PBXFileReference; lastKnownFileType = sourcecode.swift; path = ConnectivityMonitor.swift; sourceTree = "<group>"; };
		ECB55DD52A71D272009D80EA /* SceneDelegate.swift */ = {isa = PBXFileReference; lastKnownFileType = sourcecode.swift; path = SceneDelegate.swift; sourceTree = "<group>"; };
		ECB55DD72A71D334009D80EA /* AppDelegate.swift */ = {isa = PBXFileReference; lastKnownFileType = sourcecode.swift; path = AppDelegate.swift; sourceTree = "<group>"; };
/* End PBXFileReference section */

/* Begin PBXFrameworksBuildPhase section */
		EC40BC322A716F28002F5E6B /* Frameworks */ = {
			isa = PBXFrameworksBuildPhase;
			buildActionMask = 2147483647;
			files = (
				ECB55DC82A717C3D009D80EA /* RealmSwift in Frameworks */,
				ECB55DC62A717C3D009D80EA /* Realm in Frameworks */,
			);
			runOnlyForDeploymentPostprocessing = 0;
		};
		EC40BC432A716F29002F5E6B /* Frameworks */ = {
			isa = PBXFrameworksBuildPhase;
			buildActionMask = 2147483647;
			files = (
			);
			runOnlyForDeploymentPostprocessing = 0;
		};
		EC40BC4D2A716F29002F5E6B /* Frameworks */ = {
			isa = PBXFrameworksBuildPhase;
			buildActionMask = 2147483647;
			files = (
			);
			runOnlyForDeploymentPostprocessing = 0;
		};
/* End PBXFrameworksBuildPhase section */

/* Begin PBXGroup section */
		EC40BC2C2A716F28002F5E6B = {
			isa = PBXGroup;
			children = (
				EC40BC372A716F28002F5E6B /* Platpp */,
				EC40BC492A716F29002F5E6B /* PlatppTests */,
				EC40BC532A716F29002F5E6B /* PlatppUITests */,
				EC40BC362A716F28002F5E6B /* Products */,
			);
			sourceTree = "<group>";
		};
		EC40BC362A716F28002F5E6B /* Products */ = {
			isa = PBXGroup;
			children = (
				EC40BC352A716F28002F5E6B /* Platpp.app */,
				EC40BC462A716F29002F5E6B /* PlatppTests.xctest */,
				EC40BC502A716F29002F5E6B /* PlatppUITests.xctest */,
			);
			name = Products;
			sourceTree = "<group>";
		};
		EC40BC372A716F28002F5E6B /* Platpp */ = {
			isa = PBXGroup;
			children = (
				ECB55DB62A71727E009D80EA /* Model */,
				ECB55DBA2A71727F009D80EA /* Networking */,
				ECB55DB82A71727E009D80EA /* Repositories */,
				ECB55DC12A71727F009D80EA /* Resources */,
				ECB55DBB2A71727F009D80EA /* SupportingFiles */,
				ECB55DB72A71727E009D80EA /* ViewModels */,
				ECB55DC02A71727F009D80EA /* Views */,
				ECB55DD52A71D272009D80EA /* SceneDelegate.swift */,
				ECB55DD72A71D334009D80EA /* AppDelegate.swift */,
			);
			path = Platpp;
			sourceTree = "<group>";
		};
		EC40BC492A716F29002F5E6B /* PlatppTests */ = {
			isa = PBXGroup;
			children = (
				EC40BC4A2A716F29002F5E6B /* PlatppTests.swift */,
			);
			path = PlatppTests;
			sourceTree = "<group>";
		};
		EC40BC532A716F29002F5E6B /* PlatppUITests */ = {
			isa = PBXGroup;
			children = (
				EC40BC542A716F29002F5E6B /* PlatppUITests.swift */,
				EC40BC562A716F29002F5E6B /* PlatppUITestsLaunchTests.swift */,
			);
			path = PlatppUITests;
			sourceTree = "<group>";
		};
		ECB55DB62A71727E009D80EA /* Model */ = {
			isa = PBXGroup;
			children = (
				ECB55DC92A71D04A009D80EA /* VideoModel.swift */,
			);
			path = Model;
			sourceTree = "<group>";
		};
		ECB55DB72A71727E009D80EA /* ViewModels */ = {
			isa = PBXGroup;
			children = (
				ECB55DCB2A71D094009D80EA /* VideosViewModel.swift */,
			);
			path = ViewModels;
			sourceTree = "<group>";
		};
		ECB55DB82A71727E009D80EA /* Repositories */ = {
			isa = PBXGroup;
			children = (
				ECB55DCD2A71D0C0009D80EA /* VideoRepository.swift */,
			);
			path = Repositories;
			sourceTree = "<group>";
		};
		ECB55DBA2A71727F009D80EA /* Networking */ = {
			isa = PBXGroup;
			children = (
				ECB55DD32A71D1AB009D80EA /* ConnectivityMonitor.swift */,
			);
			path = Networking;
			sourceTree = "<group>";
		};
		ECB55DBB2A71727F009D80EA /* SupportingFiles */ = {
			isa = PBXGroup;
			children = (
				ECB55DBC2A71727F009D80EA /* Assets.xcassets */,
				ECB55DBD2A71727F009D80EA /* Preview Content */,
				ECB55DBF2A71727F009D80EA /* Platpp.entitlements */,
			);
			path = SupportingFiles;
			sourceTree = "<group>";
		};
		ECB55DBD2A71727F009D80EA /* Preview Content */ = {
			isa = PBXGroup;
			children = (
				ECB55DBE2A71727F009D80EA /* Preview Assets.xcassets */,
			);
			path = "Preview Content";
			sourceTree = "<group>";
		};
		ECB55DC02A71727F009D80EA /* Views */ = {
			isa = PBXGroup;
			children = (
				ECB55DCF2A71D0FF009D80EA /* VideosListView.swift */,
				ECB55DD12A71D154009D80EA /* VideoDetailView.swift */,
			);
			path = Views;
			sourceTree = "<group>";
		};
		ECB55DC12A71727F009D80EA /* Resources */ = {
			isa = PBXGroup;
			children = (
			);
			path = Resources;
			sourceTree = "<group>";
		};
/* End PBXGroup section */

/* Begin PBXNativeTarget section */
		EC40BC342A716F28002F5E6B /* Platpp */ = {
			isa = PBXNativeTarget;
			buildConfigurationList = EC40BC5A2A716F29002F5E6B /* Build configuration list for PBXNativeTarget "Platpp" */;
			buildPhases = (
				EC40BC312A716F28002F5E6B /* Sources */,
				EC40BC322A716F28002F5E6B /* Frameworks */,
				EC40BC332A716F28002F5E6B /* Resources */,
			);
			buildRules = (
			);
			dependencies = (
			);
			name = Platpp;
			packageProductDependencies = (
				ECB55DC52A717C3D009D80EA /* Realm */,
				ECB55DC72A717C3D009D80EA /* RealmSwift */,
			);
			productName = Platpp;
			productReference = EC40BC352A716F28002F5E6B /* Platpp.app */;
			productType = "com.apple.product-type.application";
		};
		EC40BC452A716F29002F5E6B /* PlatppTests */ = {
			isa = PBXNativeTarget;
			buildConfigurationList = EC40BC5D2A716F29002F5E6B /* Build configuration list for PBXNativeTarget "PlatppTests" */;
			buildPhases = (
				EC40BC422A716F29002F5E6B /* Sources */,
				EC40BC432A716F29002F5E6B /* Frameworks */,
				EC40BC442A716F29002F5E6B /* Resources */,
			);
			buildRules = (
			);
			dependencies = (
				EC40BC482A716F29002F5E6B /* PBXTargetDependency */,
			);
			name = PlatppTests;
			productName = PlatppTests;
			productReference = EC40BC462A716F29002F5E6B /* PlatppTests.xctest */;
			productType = "com.apple.product-type.bundle.unit-test";
		};
		EC40BC4F2A716F29002F5E6B /* PlatppUITests */ = {
			isa = PBXNativeTarget;
			buildConfigurationList = EC40BC602A716F29002F5E6B /* Build configuration list for PBXNativeTarget "PlatppUITests" */;
			buildPhases = (
				EC40BC4C2A716F29002F5E6B /* Sources */,
				EC40BC4D2A716F29002F5E6B /* Frameworks */,
				EC40BC4E2A716F29002F5E6B /* Resources */,
			);
			buildRules = (
			);
			dependencies = (
				EC40BC522A716F29002F5E6B /* PBXTargetDependency */,
			);
			name = PlatppUITests;
			productName = PlatppUITests;
			productReference = EC40BC502A716F29002F5E6B /* PlatppUITests.xctest */;
			productType = "com.apple.product-type.bundle.ui-testing";
		};
/* End PBXNativeTarget section */

/* Begin PBXProject section */
		EC40BC2D2A716F28002F5E6B /* Project object */ = {
			isa = PBXProject;
			attributes = {
				BuildIndependentTargetsInParallel = 1;
				LastSwiftUpdateCheck = 1430;
				LastUpgradeCheck = 1430;
				TargetAttributes = {
					EC40BC342A716F28002F5E6B = {
						CreatedOnToolsVersion = 14.3.1;
					};
					EC40BC452A716F29002F5E6B = {
						CreatedOnToolsVersion = 14.3.1;
						TestTargetID = EC40BC342A716F28002F5E6B;
					};
					EC40BC4F2A716F29002F5E6B = {
						CreatedOnToolsVersion = 14.3.1;
						TestTargetID = EC40BC342A716F28002F5E6B;
					};
				};
			};
			buildConfigurationList = EC40BC302A716F28002F5E6B /* Build configuration list for PBXProject "Platpp" */;
			compatibilityVersion = "Xcode 14.0";
			developmentRegion = en;
			hasScannedForEncodings = 0;
			knownRegions = (
				en,
				Base,
			);
			mainGroup = EC40BC2C2A716F28002F5E6B;
			packageReferences = (
				ECB55DC42A717C3D009D80EA /* XCRemoteSwiftPackageReference "realm-swift" */,
			);
			productRefGroup = EC40BC362A716F28002F5E6B /* Products */;
			projectDirPath = "";
			projectRoot = "";
			targets = (
				EC40BC342A716F28002F5E6B /* Platpp */,
				EC40BC452A716F29002F5E6B /* PlatppTests */,
				EC40BC4F2A716F29002F5E6B /* PlatppUITests */,
			);
		};
/* End PBXProject section */

/* Begin PBXResourcesBuildPhase section */
		EC40BC332A716F28002F5E6B /* Resources */ = {
			isa = PBXResourcesBuildPhase;
			buildActionMask = 2147483647;
			files = (
				ECB55DC32A71727F009D80EA /* Preview Assets.xcassets in Resources */,
				ECB55DC22A71727F009D80EA /* Assets.xcassets in Resources */,
			);
			runOnlyForDeploymentPostprocessing = 0;
		};
		EC40BC442A716F29002F5E6B /* Resources */ = {
			isa = PBXResourcesBuildPhase;
			buildActionMask = 2147483647;
			files = (
			);
			runOnlyForDeploymentPostprocessing = 0;
		};
		EC40BC4E2A716F29002F5E6B /* Resources */ = {
			isa = PBXResourcesBuildPhase;
			buildActionMask = 2147483647;
			files = (
			);
			runOnlyForDeploymentPostprocessing = 0;
		};
/* End PBXResourcesBuildPhase section */

/* Begin PBXSourcesBuildPhase section */
		EC40BC312A716F28002F5E6B /* Sources */ = {
			isa = PBXSourcesBuildPhase;
			buildActionMask = 2147483647;
			files = (
				ECB55DD82A71D334009D80EA /* AppDelegate.swift in Sources */,
				ECB55DD22A71D154009D80EA /* VideoDetailView.swift in Sources */,
				ECB55DD62A71D272009D80EA /* SceneDelegate.swift in Sources */,
				ECB55DCA2A71D04A009D80EA /* VideoModel.swift in Sources */,
				ECB55DD42A71D1AB009D80EA /* ConnectivityMonitor.swift in Sources */,
				ECB55DD02A71D0FF009D80EA /* VideosListView.swift in Sources */,
				ECB55DCE2A71D0C0009D80EA /* VideoRepository.swift in Sources */,
				ECB55DCC2A71D094009D80EA /* VideosViewModel.swift in Sources */,
			);
			runOnlyForDeploymentPostprocessing = 0;
		};
		EC40BC422A716F29002F5E6B /* Sources */ = {
			isa = PBXSourcesBuildPhase;
			buildActionMask = 2147483647;
			files = (
				EC40BC4B2A716F29002F5E6B /* PlatppTests.swift in Sources */,
			);
			runOnlyForDeploymentPostprocessing = 0;
		};
		EC40BC4C2A716F29002F5E6B /* Sources */ = {
			isa = PBXSourcesBuildPhase;
			buildActionMask = 2147483647;
			files = (
				EC40BC552A716F29002F5E6B /* PlatppUITests.swift in Sources */,
				EC40BC572A716F29002F5E6B /* PlatppUITestsLaunchTests.swift in Sources */,
			);
			runOnlyForDeploymentPostprocessing = 0;
		};
/* End PBXSourcesBuildPhase section */

/* Begin PBXTargetDependency section */
		EC40BC482A716F29002F5E6B /* PBXTargetDependency */ = {
			isa = PBXTargetDependency;
			target = EC40BC342A716F28002F5E6B /* Platpp */;
			targetProxy = EC40BC472A716F29002F5E6B /* PBXContainerItemProxy */;
		};
		EC40BC522A716F29002F5E6B /* PBXTargetDependency */ = {
			isa = PBXTargetDependency;
			target = EC40BC342A716F28002F5E6B /* Platpp */;
			targetProxy = EC40BC512A716F29002F5E6B /* PBXContainerItemProxy */;
		};
/* End PBXTargetDependency section */

/* Begin XCBuildConfiguration section */
		EC40BC582A716F29002F5E6B /* Debug */ = {
			isa = XCBuildConfiguration;
			buildSettings = {
				ALWAYS_SEARCH_USER_PATHS = NO;
				CLANG_ANALYZER_NONNULL = YES;
				CLANG_ANALYZER_NUMBER_OBJECT_CONVERSION = YES_AGGRESSIVE;
				CLANG_CXX_LANGUAGE_STANDARD = "gnu++20";
				CLANG_ENABLE_MODULES = YES;
				CLANG_ENABLE_OBJC_ARC = YES;
				CLANG_ENABLE_OBJC_WEAK = YES;
				CLANG_WARN_BLOCK_CAPTURE_AUTORELEASING = YES;
				CLANG_WARN_BOOL_CONVERSION = YES;
				CLANG_WARN_COMMA = YES;
				CLANG_WARN_CONSTANT_CONVERSION = YES;
				CLANG_WARN_DEPRECATED_OBJC_IMPLEMENTATIONS = YES;
				CLANG_WARN_DIRECT_OBJC_ISA_USAGE = YES_ERROR;
				CLANG_WARN_DOCUMENTATION_COMMENTS = YES;
				CLANG_WARN_EMPTY_BODY = YES;
				CLANG_WARN_ENUM_CONVERSION = YES;
				CLANG_WARN_INFINITE_RECURSION = YES;
				CLANG_WARN_INT_CONVERSION = YES;
				CLANG_WARN_NON_LITERAL_NULL_CONVERSION = YES;
				CLANG_WARN_OBJC_IMPLICIT_RETAIN_SELF = YES;
				CLANG_WARN_OBJC_LITERAL_CONVERSION = YES;
				CLANG_WARN_OBJC_ROOT_CLASS = YES_ERROR;
				CLANG_WARN_QUOTED_INCLUDE_IN_FRAMEWORK_HEADER = YES;
				CLANG_WARN_RANGE_LOOP_ANALYSIS = YES;
				CLANG_WARN_STRICT_PROTOTYPES = YES;
				CLANG_WARN_SUSPICIOUS_MOVE = YES;
				CLANG_WARN_UNGUARDED_AVAILABILITY = YES_AGGRESSIVE;
				CLANG_WARN_UNREACHABLE_CODE = YES;
				CLANG_WARN__DUPLICATE_METHOD_MATCH = YES;
				COPY_PHASE_STRIP = NO;
				DEBUG_INFORMATION_FORMAT = dwarf;
				ENABLE_STRICT_OBJC_MSGSEND = YES;
				ENABLE_TESTABILITY = YES;
				GCC_C_LANGUAGE_STANDARD = gnu11;
				GCC_DYNAMIC_NO_PIC = NO;
				GCC_NO_COMMON_BLOCKS = YES;
				GCC_OPTIMIZATION_LEVEL = 0;
				GCC_PREPROCESSOR_DEFINITIONS = (
					"DEBUG=1",
					"$(inherited)",
				);
				GCC_WARN_64_TO_32_BIT_CONVERSION = YES;
				GCC_WARN_ABOUT_RETURN_TYPE = YES_ERROR;
				GCC_WARN_UNDECLARED_SELECTOR = YES;
				GCC_WARN_UNINITIALIZED_AUTOS = YES_AGGRESSIVE;
				GCC_WARN_UNUSED_FUNCTION = YES;
				GCC_WARN_UNUSED_VARIABLE = YES;
				MTL_ENABLE_DEBUG_INFO = INCLUDE_SOURCE;
				MTL_FAST_MATH = YES;
				ONLY_ACTIVE_ARCH = YES;
				SWIFT_ACTIVE_COMPILATION_CONDITIONS = DEBUG;
				SWIFT_OPTIMIZATION_LEVEL = "-Onone";
			};
			name = Debug;
		};
		EC40BC592A716F29002F5E6B /* Release */ = {
			isa = XCBuildConfiguration;
			buildSettings = {
				ALWAYS_SEARCH_USER_PATHS = NO;
				CLANG_ANALYZER_NONNULL = YES;
				CLANG_ANALYZER_NUMBER_OBJECT_CONVERSION = YES_AGGRESSIVE;
				CLANG_CXX_LANGUAGE_STANDARD = "gnu++20";
				CLANG_ENABLE_MODULES = YES;
				CLANG_ENABLE_OBJC_ARC = YES;
				CLANG_ENABLE_OBJC_WEAK = YES;
				CLANG_WARN_BLOCK_CAPTURE_AUTORELEASING = YES;
				CLANG_WARN_BOOL_CONVERSION = YES;
				CLANG_WARN_COMMA = YES;
				CLANG_WARN_CONSTANT_CONVERSION = YES;
				CLANG_WARN_DEPRECATED_OBJC_IMPLEMENTATIONS = YES;
				CLANG_WARN_DIRECT_OBJC_ISA_USAGE = YES_ERROR;
				CLANG_WARN_DOCUMENTATION_COMMENTS = YES;
				CLANG_WARN_EMPTY_BODY = YES;
				CLANG_WARN_ENUM_CONVERSION = YES;
				CLANG_WARN_INFINITE_RECURSION = YES;
				CLANG_WARN_INT_CONVERSION = YES;
				CLANG_WARN_NON_LITERAL_NULL_CONVERSION = YES;
				CLANG_WARN_OBJC_IMPLICIT_RETAIN_SELF = YES;
				CLANG_WARN_OBJC_LITERAL_CONVERSION = YES;
				CLANG_WARN_OBJC_ROOT_CLASS = YES_ERROR;
				CLANG_WARN_QUOTED_INCLUDE_IN_FRAMEWORK_HEADER = YES;
				CLANG_WARN_RANGE_LOOP_ANALYSIS = YES;
				CLANG_WARN_STRICT_PROTOTYPES = YES;
				CLANG_WARN_SUSPICIOUS_MOVE = YES;
				CLANG_WARN_UNGUARDED_AVAILABILITY = YES_AGGRESSIVE;
				CLANG_WARN_UNREACHABLE_CODE = YES;
				CLANG_WARN__DUPLICATE_METHOD_MATCH = YES;
				COPY_PHASE_STRIP = NO;
				DEBUG_INFORMATION_FORMAT = "dwarf-with-dsym";
				ENABLE_NS_ASSERTIONS = NO;
				ENABLE_STRICT_OBJC_MSGSEND = YES;
				GCC_C_LANGUAGE_STANDARD = gnu11;
				GCC_NO_COMMON_BLOCKS = YES;
				GCC_WARN_64_TO_32_BIT_CONVERSION = YES;
				GCC_WARN_ABOUT_RETURN_TYPE = YES_ERROR;
				GCC_WARN_UNDECLARED_SELECTOR = YES;
				GCC_WARN_UNINITIALIZED_AUTOS = YES_AGGRESSIVE;
				GCC_WARN_UNUSED_FUNCTION = YES;
				GCC_WARN_UNUSED_VARIABLE = YES;
				MTL_ENABLE_DEBUG_INFO = NO;
				MTL_FAST_MATH = YES;
				SWIFT_COMPILATION_MODE = wholemodule;
				SWIFT_OPTIMIZATION_LEVEL = "-O";
			};
			name = Release;
		};
		EC40BC5B2A716F29002F5E6B /* Debug */ = {
			isa = XCBuildConfiguration;
			buildSettings = {
				ASSETCATALOG_COMPILER_APPICON_NAME = AppIcon;
				ASSETCATALOG_COMPILER_GLOBAL_ACCENT_COLOR_NAME = AccentColor;
				CODE_SIGN_ENTITLEMENTS = Platpp/SupportingFiles/Platpp.entitlements;
				CODE_SIGN_IDENTITY = "Apple Development";
				CODE_SIGN_STYLE = Automatic;
				CURRENT_PROJECT_VERSION = 1;
				DEVELOPMENT_ASSET_PATHS = "\"Platpp/SupportingFiles/Preview Content\"";
				DEVELOPMENT_TEAM = KK43H84X67;
				ENABLE_HARDENED_RUNTIME = YES;
				ENABLE_PREVIEWS = YES;
				GENERATE_INFOPLIST_FILE = YES;
				"INFOPLIST_KEY_UIApplicationSceneManifest_Generation[sdk=iphoneos*]" = YES;
				"INFOPLIST_KEY_UIApplicationSceneManifest_Generation[sdk=iphonesimulator*]" = YES;
				"INFOPLIST_KEY_UIApplicationSupportsIndirectInputEvents[sdk=iphoneos*]" = YES;
				"INFOPLIST_KEY_UIApplicationSupportsIndirectInputEvents[sdk=iphonesimulator*]" = YES;
				"INFOPLIST_KEY_UILaunchScreen_Generation[sdk=iphoneos*]" = YES;
				"INFOPLIST_KEY_UILaunchScreen_Generation[sdk=iphonesimulator*]" = YES;
				"INFOPLIST_KEY_UIStatusBarStyle[sdk=iphoneos*]" = UIStatusBarStyleDefault;
				"INFOPLIST_KEY_UIStatusBarStyle[sdk=iphonesimulator*]" = UIStatusBarStyleDefault;
				INFOPLIST_KEY_UISupportedInterfaceOrientations_iPad = "UIInterfaceOrientationPortrait UIInterfaceOrientationPortraitUpsideDown UIInterfaceOrientationLandscapeLeft UIInterfaceOrientationLandscapeRight";
				INFOPLIST_KEY_UISupportedInterfaceOrientations_iPhone = "UIInterfaceOrientationPortrait UIInterfaceOrientationLandscapeLeft UIInterfaceOrientationLandscapeRight";
				IPHONEOS_DEPLOYMENT_TARGET = 16.4;
				LD_RUNPATH_SEARCH_PATHS = "@executable_path/Frameworks";
				"LD_RUNPATH_SEARCH_PATHS[sdk=macosx*]" = "@executable_path/../Frameworks";
				MACOSX_DEPLOYMENT_TARGET = 13.3;
				MARKETING_VERSION = 1.0;
				PRODUCT_BUNDLE_IDENTIFIER = com.platpp.test.Platpp;
				PRODUCT_NAME = "$(TARGET_NAME)";
				PROVISIONING_PROFILE_SPECIFIER = "";
				SDKROOT = auto;
				SUPPORTED_PLATFORMS = "iphoneos iphonesimulator";
				SUPPORTS_MACCATALYST = NO;
				SUPPORTS_MAC_DESIGNED_FOR_IPHONE_IPAD = NO;
				SWIFT_EMIT_LOC_STRINGS = YES;
				SWIFT_VERSION = 5.0;
				TARGETED_DEVICE_FAMILY = 1;
			};
			name = Debug;
		};
		EC40BC5C2A716F29002F5E6B /* Release */ = {
			isa = XCBuildConfiguration;
			buildSettings = {
				ASSETCATALOG_COMPILER_APPICON_NAME = AppIcon;
				ASSETCATALOG_COMPILER_GLOBAL_ACCENT_COLOR_NAME = AccentColor;
				CODE_SIGN_ENTITLEMENTS = Platpp/SupportingFiles/Platpp.entitlements;
				CODE_SIGN_IDENTITY = "Apple Development";
				CODE_SIGN_STYLE = Automatic;
				CURRENT_PROJECT_VERSION = 1;
				DEVELOPMENT_ASSET_PATHS = "\"Platpp/SupportingFiles/Preview Content\"";
				DEVELOPMENT_TEAM = KK43H84X67;
				ENABLE_HARDENED_RUNTIME = YES;
				ENABLE_PREVIEWS = YES;
				GENERATE_INFOPLIST_FILE = YES;
				"INFOPLIST_KEY_UIApplicationSceneManifest_Generation[sdk=iphoneos*]" = YES;
				"INFOPLIST_KEY_UIApplicationSceneManifest_Generation[sdk=iphonesimulator*]" = YES;
				"INFOPLIST_KEY_UIApplicationSupportsIndirectInputEvents[sdk=iphoneos*]" = YES;
				"INFOPLIST_KEY_UIApplicationSupportsIndirectInputEvents[sdk=iphonesimulator*]" = YES;
				"INFOPLIST_KEY_UILaunchScreen_Generation[sdk=iphoneos*]" = YES;
				"INFOPLIST_KEY_UILaunchScreen_Generation[sdk=iphonesimulator*]" = YES;
				"INFOPLIST_KEY_UIStatusBarStyle[sdk=iphoneos*]" = UIStatusBarStyleDefault;
				"INFOPLIST_KEY_UIStatusBarStyle[sdk=iphonesimulator*]" = UIStatusBarStyleDefault;
				INFOPLIST_KEY_UISupportedInterfaceOrientations_iPad = "UIInterfaceOrientationPortrait UIInterfaceOrientationPortraitUpsideDown UIInterfaceOrientationLandscapeLeft UIInterfaceOrientationLandscapeRight";
				INFOPLIST_KEY_UISupportedInterfaceOrientations_iPhone = "UIInterfaceOrientationPortrait UIInterfaceOrientationLandscapeLeft UIInterfaceOrientationLandscapeRight";
				IPHONEOS_DEPLOYMENT_TARGET = 16.4;
				LD_RUNPATH_SEARCH_PATHS = "@executable_path/Frameworks";
				"LD_RUNPATH_SEARCH_PATHS[sdk=macosx*]" = "@executable_path/../Frameworks";
				MACOSX_DEPLOYMENT_TARGET = 13.3;
				MARKETING_VERSION = 1.0;
				PRODUCT_BUNDLE_IDENTIFIER = com.platpp.test.Platpp;
				PRODUCT_NAME = "$(TARGET_NAME)";
				PROVISIONING_PROFILE_SPECIFIER = "";
				SDKROOT = auto;
				SUPPORTED_PLATFORMS = "iphoneos iphonesimulator";
				SUPPORTS_MACCATALYST = NO;
				SUPPORTS_MAC_DESIGNED_FOR_IPHONE_IPAD = NO;
				SWIFT_EMIT_LOC_STRINGS = YES;
				SWIFT_VERSION = 5.0;
				TARGETED_DEVICE_FAMILY = 1;
			};
			name = Release;
		};
		EC40BC5E2A716F29002F5E6B /* Debug */ = {
			isa = XCBuildConfiguration;
			buildSettings = {
				ALWAYS_EMBED_SWIFT_STANDARD_LIBRARIES = YES;
				BUNDLE_LOADER = "$(TEST_HOST)";
				CODE_SIGN_STYLE = Automatic;
				CURRENT_PROJECT_VERSION = 1;
				DEVELOPMENT_TEAM = KK43H84X67;
				GENERATE_INFOPLIST_FILE = YES;
				IPHONEOS_DEPLOYMENT_TARGET = 16.4;
				MACOSX_DEPLOYMENT_TARGET = 13.3;
				MARKETING_VERSION = 1.0;
				PRODUCT_BUNDLE_IDENTIFIER = com.platpp.test.PlatppTests;
				PRODUCT_NAME = "$(TARGET_NAME)";
				SDKROOT = auto;
				SUPPORTED_PLATFORMS = "iphoneos iphonesimulator macosx";
				SWIFT_EMIT_LOC_STRINGS = NO;
				SWIFT_VERSION = 5.0;
				TARGETED_DEVICE_FAMILY = "1,2";
				TEST_HOST = "$(BUILT_PRODUCTS_DIR)/Platpp.app/$(BUNDLE_EXECUTABLE_FOLDER_PATH)/Platpp";
			};
			name = Debug;
		};
		EC40BC5F2A716F29002F5E6B /* Release */ = {
			isa = XCBuildConfiguration;
			buildSettings = {
				ALWAYS_EMBED_SWIFT_STANDARD_LIBRARIES = YES;
				BUNDLE_LOADER = "$(TEST_HOST)";
				CODE_SIGN_STYLE = Automatic;
				CURRENT_PROJECT_VERSION = 1;
				DEVELOPMENT_TEAM = KK43H84X67;
				GENERATE_INFOPLIST_FILE = YES;
				IPHONEOS_DEPLOYMENT_TARGET = 16.4;
				MACOSX_DEPLOYMENT_TARGET = 13.3;
				MARKETING_VERSION = 1.0;
				PRODUCT_BUNDLE_IDENTIFIER = com.platpp.test.PlatppTests;
				PRODUCT_NAME = "$(TARGET_NAME)";
				SDKROOT = auto;
				SUPPORTED_PLATFORMS = "iphoneos iphonesimulator macosx";
				SWIFT_EMIT_LOC_STRINGS = NO;
				SWIFT_VERSION = 5.0;
				TARGETED_DEVICE_FAMILY = "1,2";
				TEST_HOST = "$(BUILT_PRODUCTS_DIR)/Platpp.app/$(BUNDLE_EXECUTABLE_FOLDER_PATH)/Platpp";
			};
			name = Release;
		};
		EC40BC612A716F29002F5E6B /* Debug */ = {
			isa = XCBuildConfiguration;
			buildSettings = {
				ALWAYS_EMBED_SWIFT_STANDARD_LIBRARIES = YES;
				CODE_SIGN_STYLE = Automatic;
				CURRENT_PROJECT_VERSION = 1;
				DEVELOPMENT_TEAM = KK43H84X67;
				GENERATE_INFOPLIST_FILE = YES;
				IPHONEOS_DEPLOYMENT_TARGET = 16.4;
				MACOSX_DEPLOYMENT_TARGET = 13.3;
				MARKETING_VERSION = 1.0;
				PRODUCT_BUNDLE_IDENTIFIER = com.platpp.test.PlatppUITests;
				PRODUCT_NAME = "$(TARGET_NAME)";
				SDKROOT = auto;
				SUPPORTED_PLATFORMS = "iphoneos iphonesimulator macosx";
				SWIFT_EMIT_LOC_STRINGS = NO;
				SWIFT_VERSION = 5.0;
				TARGETED_DEVICE_FAMILY = "1,2";
				TEST_TARGET_NAME = Platpp;
			};
			name = Debug;
		};
		EC40BC622A716F29002F5E6B /* Release */ = {
			isa = XCBuildConfiguration;
			buildSettings = {
				ALWAYS_EMBED_SWIFT_STANDARD_LIBRARIES = YES;
				CODE_SIGN_STYLE = Automatic;
				CURRENT_PROJECT_VERSION = 1;
				DEVELOPMENT_TEAM = KK43H84X67;
				GENERATE_INFOPLIST_FILE = YES;
				IPHONEOS_DEPLOYMENT_TARGET = 16.4;
				MACOSX_DEPLOYMENT_TARGET = 13.3;
				MARKETING_VERSION = 1.0;
				PRODUCT_BUNDLE_IDENTIFIER = com.platpp.test.PlatppUITests;
				PRODUCT_NAME = "$(TARGET_NAME)";
				SDKROOT = auto;
				SUPPORTED_PLATFORMS = "iphoneos iphonesimulator macosx";
				SWIFT_EMIT_LOC_STRINGS = NO;
				SWIFT_VERSION = 5.0;
				TARGETED_DEVICE_FAMILY = "1,2";
				TEST_TARGET_NAME = Platpp;
			};
			name = Release;
		};
/* End XCBuildConfiguration section */

/* Begin XCConfigurationList section */
		EC40BC302A716F28002F5E6B /* Build configuration list for PBXProject "Platpp" */ = {
			isa = XCConfigurationList;
			buildConfigurations = (
				EC40BC582A716F29002F5E6B /* Debug */,
				EC40BC592A716F29002F5E6B /* Release */,
			);
			defaultConfigurationIsVisible = 0;
			defaultConfigurationName = Release;
		};
		EC40BC5A2A716F29002F5E6B /* Build configuration list for PBXNativeTarget "Platpp" */ = {
			isa = XCConfigurationList;
			buildConfigurations = (
				EC40BC5B2A716F29002F5E6B /* Debug */,
				EC40BC5C2A716F29002F5E6B /* Release */,
			);
			defaultConfigurationIsVisible = 0;
			defaultConfigurationName = Release;
		};
		EC40BC5D2A716F29002F5E6B /* Build configuration list for PBXNativeTarget "PlatppTests" */ = {
			isa = XCConfigurationList;
			buildConfigurations = (
				EC40BC5E2A716F29002F5E6B /* Debug */,
				EC40BC5F2A716F29002F5E6B /* Release */,
			);
			defaultConfigurationIsVisible = 0;
			defaultConfigurationName = Release;
		};
		EC40BC602A716F29002F5E6B /* Build configuration list for PBXNativeTarget "PlatppUITests" */ = {
			isa = XCConfigurationList;
			buildConfigurations = (
				EC40BC612A716F29002F5E6B /* Debug */,
				EC40BC622A716F29002F5E6B /* Release */,
			);
			defaultConfigurationIsVisible = 0;
			defaultConfigurationName = Release;
		};
/* End XCConfigurationList section */

/* Begin XCRemoteSwiftPackageReference section */
		ECB55DC42A717C3D009D80EA /* XCRemoteSwiftPackageReference "realm-swift" */ = {
			isa = XCRemoteSwiftPackageReference;
			repositoryURL = "https://github.com/realm/realm-swift.git";
			requirement = {
				branch = master;
				kind = branch;
			};
		};
/* End XCRemoteSwiftPackageReference section */

/* Begin XCSwiftPackageProductDependency section */
		ECB55DC52A717C3D009D80EA /* Realm */ = {
			isa = XCSwiftPackageProductDependency;
			package = ECB55DC42A717C3D009D80EA /* XCRemoteSwiftPackageReference "realm-swift" */;
			productName = Realm;
		};
		ECB55DC72A717C3D009D80EA /* RealmSwift */ = {
			isa = XCSwiftPackageProductDependency;
			package = ECB55DC42A717C3D009D80EA /* XCRemoteSwiftPackageReference "realm-swift" */;
			productName = RealmSwift;
		};
/* End XCSwiftPackageProductDependency section */
	};
	rootObject = EC40BC2D2A716F28002F5E6B /* Project object */;
}
